# This file is automatically @generated by Cargo.
# It is not intended for manual editing.
version = 4

[[package]]
name = "narf-getty"
version = "0.1.0"
dependencies = [
 "narf-libc",
 "narf-user-runtime",
]

[[package]]
name = "narf-libc"
version = "0.0.0"
dependencies = [
 "narf-user-runtime",
]

[[package]]
name = "narf-user-runtime"
version = "0.0.0"
